
Microsoft Visual Studio Solution File, Format Version 12.00
# Visual Studio Version 16
VisualStudioVersion = 16.0.30225.117
MinimumVisualStudioVersion = 10.0.40219.1
Project("{FAE04EC0-301F-11D3-BF4B-00C04F79EFBC}") = "Razor", "Razor\Razor.csproj", "{4297BEFF-C459-4C43-857D-A049EF1C46B8}"
EndProject
Global
	GlobalSection(SolutionConfigurationPlatforms) = preSolution
		Debug|Any CPU = Debug|Any CPU
		Release|Any CPU = Release|Any CPU
	EndGlobalSection
	GlobalSection(ProjectConfigurationPlatforms) = postSolution
		{4297BEFF-C459-4C43-857D-A049EF1C46B8}.Debug|Any CPU.ActiveCfg = Debug|Any CPU
		{4297BEFF-C459-4C43-857D-A049EF1C46B8}.Debug|Any CPU.Build.0 = Debug|Any CPU
		{4297BEFF-C459-4C43-857D-A049EF1C46B8}.Release|Any CPU.ActiveCfg = Release|Any CPU
		{4297BEFF-C459-4C43-857D-A049EF1C46B8}.Release|Any CPU.Build.0 = Release|Any CPU
	EndGlobalSection
	GlobalSection(SolutionProperties) = preSolution
		HideSolutionNode = FALSE
	EndGlobalSection
	GlobalSection(ExtensibilityGlobals) = postSolution
		SolutionGuid = {E6578CF0-9B62-4DB0-8626-B3D09F85CBB3}
	EndGlobalSection
EndGlobal
